
Microsoft Visual Studio Solution File, Format Version 12.00
# Visual Studio Version 16
VisualStudioVersion = 16.0.31605.320
MinimumVisualStudioVersion = 10.0.40219.1
Project("{FAE04EC0-301F-11D3-BF4B-00C04F79EFBC}") = "API", "API\API.csproj", "{DCC91F8C-00C7-4DE3-9E2C-123AB1B30C6B}"
EndProject
Project("{FAE04EC0-301F-11D3-BF4B-00C04F79EFBC}") = "Business", "Manager\Business.csproj", "{756EBEFA-6803-4BC7-9893-728E242F03A6}"
EndProject
Project("{FAE04EC0-301F-11D3-BF4B-00C04F79EFBC}") = "ConsoleUI", "ConsoleUi\ConsoleUI.csproj", "{C7E59A8D-6D52-4658-BDFC-FADEEF705DB1}"
EndProject
Global
	GlobalSection(SolutionConfigurationPlatforms) = preSolution
		Debug|Any CPU = Debug|Any CPU
		Release|Any CPU = Release|Any CPU
	EndGlobalSection
	GlobalSection(ProjectConfigurationPlatforms) = postSolution
		{DCC91F8C-00C7-4DE3-9E2C-123AB1B30C6B}.Debug|Any CPU.ActiveCfg = Debug|Any CPU
		{DCC91F8C-00C7-4DE3-9E2C-123AB1B30C6B}.Debug|Any CPU.Build.0 = Debug|Any CPU
		{DCC91F8C-00C7-4DE3-9E2C-123AB1B30C6B}.Release|Any CPU.ActiveCfg = Release|Any CPU
		{DCC91F8C-00C7-4DE3-9E2C-123AB1B30C6B}.Release|Any CPU.Build.0 = Release|Any CPU
		{756EBEFA-6803-4BC7-9893-728E242F03A6}.Debug|Any CPU.ActiveCfg = Debug|Any CPU
		{756EBEFA-6803-4BC7-9893-728E242F03A6}.Debug|Any CPU.Build.0 = Debug|Any CPU
		{756EBEFA-6803-4BC7-9893-728E242F03A6}.Release|Any CPU.ActiveCfg = Release|Any CPU
		{756EBEFA-6803-4BC7-9893-728E242F03A6}.Release|Any CPU.Build.0 = Release|Any CPU
		{C7E59A8D-6D52-4658-BDFC-FADEEF705DB1}.Debug|Any CPU.ActiveCfg = Debug|Any CPU
		{C7E59A8D-6D52-4658-BDFC-FADEEF705DB1}.Debug|Any CPU.Build.0 = Debug|Any CPU
		{C7E59A8D-6D52-4658-BDFC-FADEEF705DB1}.Release|Any CPU.ActiveCfg = Release|Any CPU
		{C7E59A8D-6D52-4658-BDFC-FADEEF705DB1}.Release|Any CPU.Build.0 = Release|Any CPU
	EndGlobalSection
	GlobalSection(SolutionProperties) = preSolution
		HideSolutionNode = FALSE
	EndGlobalSection
	GlobalSection(ExtensibilityGlobals) = postSolution
		SolutionGuid = {24B80B4F-0948-4E0A-B1FD-DAA30C007A11}
	EndGlobalSection
EndGlobal
